
Microsoft Visual Studio Solution File, Format Version 12.00
# Visual Studio Version 16
VisualStudioVersion = 16.0.31005.135
MinimumVisualStudioVersion = 10.0.40219.1
Project("{FAE04EC0-301F-11D3-BF4B-00C04F79EFBC}") = "Unit testing", "Unit testing\Unit testing.csproj", "{32618417-4ABD-4533-9161-C84BD58DCF4C}"
EndProject
Project("{FAE04EC0-301F-11D3-BF4B-00C04F79EFBC}") = "UnitTestProject", "UnitTestProject\UnitTestProject.csproj", "{4492E6BE-9B01-4828-88A1-2E00753A7A08}"
EndProject
Global
	GlobalSection(SolutionConfigurationPlatforms) = preSolution
		Debug|Any CPU = Debug|Any CPU
		Release|Any CPU = Release|Any CPU
	EndGlobalSection
	GlobalSection(ProjectConfigurationPlatforms) = postSolution
		{32618417-4ABD-4533-9161-C84BD58DCF4C}.Debug|Any CPU.ActiveCfg = Debug|Any CPU
		{32618417-4ABD-4533-9161-C84BD58DCF4C}.Debug|Any CPU.Build.0 = Debug|Any CPU
		{32618417-4ABD-4533-9161-C84BD58DCF4C}.Release|Any CPU.ActiveCfg = Release|Any CPU
		{32618417-4ABD-4533-9161-C84BD58DCF4C}.Release|Any CPU.Build.0 = Release|Any CPU
		{4492E6BE-9B01-4828-88A1-2E00753A7A08}.Debug|Any CPU.ActiveCfg = Debug|Any CPU
		{4492E6BE-9B01-4828-88A1-2E00753A7A08}.Debug|Any CPU.Build.0 = Debug|Any CPU
		{4492E6BE-9B01-4828-88A1-2E00753A7A08}.Release|Any CPU.ActiveCfg = Release|Any CPU
		{4492E6BE-9B01-4828-88A1-2E00753A7A08}.Release|Any CPU.Build.0 = Release|Any CPU
	EndGlobalSection
	GlobalSection(SolutionProperties) = preSolution
		HideSolutionNode = FALSE
	EndGlobalSection
	GlobalSection(ExtensibilityGlobals) = postSolution
		SolutionGuid = {A9E5FA12-2478-4863-A08D-C27313F84A4D}
	EndGlobalSection
EndGlobal
